
Microsoft Visual Studio Solution File, Format Version 12.00
# Visual Studio Version 17
VisualStudioVersion = 17.1.32203.90
MinimumVisualStudioVersion = 10.0.40219.1
Project("{9A19103F-16F7-4668-BE54-9A1E7A4F7556}") = "tamrin1", "tamrin1\tamrin1.csproj", "{F9FD296C-B0C8-4709-8821-D67B9D45DD90}"
EndProject
Project("{9A19103F-16F7-4668-BE54-9A1E7A4F7556}") = "tamrin2", "tamrin2\tamrin2.csproj", "{45AA8348-B685-4BA6-BFC3-C4EAB5F77F44}"
EndProject
Project("{FAE04EC0-301F-11D3-BF4B-00C04F79EFBC}") = "tamrin3", "tamrin3\tamrin3.csproj", "{D4CF6B9A-F133-4CF1-AACD-62964DE43103}"
EndProject
Project("{FAE04EC0-301F-11D3-BF4B-00C04F79EFBC}") = "tmrin4", "tmrin4\tmrin4.csproj", "{8D28BB5F-7B46-403F-A933-5DF8534C9704}"
EndProject
Project("{FAE04EC0-301F-11D3-BF4B-00C04F79EFBC}") = "test", "test\test.csproj", "{86BADDA0-940D-47DE-ABA3-781366F6C107}"
EndProject
Global
	GlobalSection(SolutionConfigurationPlatforms) = preSolution
		Debug|Any CPU = Debug|Any CPU
		Release|Any CPU = Release|Any CPU
	EndGlobalSection
	GlobalSection(ProjectConfigurationPlatforms) = postSolution
		{F9FD296C-B0C8-4709-8821-D67B9D45DD90}.Debug|Any CPU.ActiveCfg = Debug|Any CPU
		{F9FD296C-B0C8-4709-8821-D67B9D45DD90}.Debug|Any CPU.Build.0 = Debug|Any CPU
		{F9FD296C-B0C8-4709-8821-D67B9D45DD90}.Release|Any CPU.ActiveCfg = Release|Any CPU
		{F9FD296C-B0C8-4709-8821-D67B9D45DD90}.Release|Any CPU.Build.0 = Release|Any CPU
		{45AA8348-B685-4BA6-BFC3-C4EAB5F77F44}.Debug|Any CPU.ActiveCfg = Debug|Any CPU
		{45AA8348-B685-4BA6-BFC3-C4EAB5F77F44}.Debug|Any CPU.Build.0 = Debug|Any CPU
		{45AA8348-B685-4BA6-BFC3-C4EAB5F77F44}.Release|Any CPU.ActiveCfg = Release|Any CPU
		{45AA8348-B685-4BA6-BFC3-C4EAB5F77F44}.Release|Any CPU.Build.0 = Release|Any CPU
		{D4CF6B9A-F133-4CF1-AACD-62964DE43103}.Debug|Any CPU.ActiveCfg = Debug|Any CPU
		{D4CF6B9A-F133-4CF1-AACD-62964DE43103}.Debug|Any CPU.Build.0 = Debug|Any CPU
		{D4CF6B9A-F133-4CF1-AACD-62964DE43103}.Release|Any CPU.ActiveCfg = Release|Any CPU
		{D4CF6B9A-F133-4CF1-AACD-62964DE43103}.Release|Any CPU.Build.0 = Release|Any CPU
		{8D28BB5F-7B46-403F-A933-5DF8534C9704}.Debug|Any CPU.ActiveCfg = Debug|Any CPU
		{8D28BB5F-7B46-403F-A933-5DF8534C9704}.Debug|Any CPU.Build.0 = Debug|Any CPU
		{8D28BB5F-7B46-403F-A933-5DF8534C9704}.Release|Any CPU.ActiveCfg = Release|Any CPU
		{8D28BB5F-7B46-403F-A933-5DF8534C9704}.Release|Any CPU.Build.0 = Release|Any CPU
		{86BADDA0-940D-47DE-ABA3-781366F6C107}.Debug|Any CPU.ActiveCfg = Debug|Any CPU
		{86BADDA0-940D-47DE-ABA3-781366F6C107}.Debug|Any CPU.Build.0 = Debug|Any CPU
		{86BADDA0-940D-47DE-ABA3-781366F6C107}.Release|Any CPU.ActiveCfg = Release|Any CPU
		{86BADDA0-940D-47DE-ABA3-781366F6C107}.Release|Any CPU.Build.0 = Release|Any CPU
	EndGlobalSection
	GlobalSection(SolutionProperties) = preSolution
		HideSolutionNode = FALSE
	EndGlobalSection
	GlobalSection(ExtensibilityGlobals) = postSolution
		SolutionGuid = {69B84CC6-E2B2-4972-8D9B-20A143BB9873}
	EndGlobalSection
EndGlobal
