
Microsoft Visual Studio Solution File, Format Version 12.00
# Visual Studio Version 17
VisualStudioVersion = 17.1.32203.90
MinimumVisualStudioVersion = 10.0.40219.1
Project("{FAE04EC0-301F-11D3-BF4B-00C04F79EFBC}") = "test", "test\test.csproj", "{0150ADCC-6739-4566-A05A-2447340A806C}"
EndProject
Project("{FAE04EC0-301F-11D3-BF4B-00C04F79EFBC}") = "bakhsh1", "bakhsh1\bakhsh1.csproj", "{92FEB6D7-C26B-4EC8-AA0C-36F84AA27F80}"
EndProject
Global
	GlobalSection(SolutionConfigurationPlatforms) = preSolution
		Debug|Any CPU = Debug|Any CPU
		Release|Any CPU = Release|Any CPU
	EndGlobalSection
	GlobalSection(ProjectConfigurationPlatforms) = postSolution
		{0150ADCC-6739-4566-A05A-2447340A806C}.Debug|Any CPU.ActiveCfg = Debug|Any CPU
		{0150ADCC-6739-4566-A05A-2447340A806C}.Debug|Any CPU.Build.0 = Debug|Any CPU
		{0150ADCC-6739-4566-A05A-2447340A806C}.Release|Any CPU.ActiveCfg = Release|Any CPU
		{0150ADCC-6739-4566-A05A-2447340A806C}.Release|Any CPU.Build.0 = Release|Any CPU
		{92FEB6D7-C26B-4EC8-AA0C-36F84AA27F80}.Debug|Any CPU.ActiveCfg = Debug|Any CPU
		{92FEB6D7-C26B-4EC8-AA0C-36F84AA27F80}.Debug|Any CPU.Build.0 = Debug|Any CPU
		{92FEB6D7-C26B-4EC8-AA0C-36F84AA27F80}.Release|Any CPU.ActiveCfg = Release|Any CPU
		{92FEB6D7-C26B-4EC8-AA0C-36F84AA27F80}.Release|Any CPU.Build.0 = Release|Any CPU
	EndGlobalSection
	GlobalSection(SolutionProperties) = preSolution
		HideSolutionNode = FALSE
	EndGlobalSection
	GlobalSection(ExtensibilityGlobals) = postSolution
		SolutionGuid = {040A2FDB-69B0-4278-A163-893D79270AC6}
	EndGlobalSection
EndGlobal
